# This file is autogenerated, do not edit; changes may be undone by the next 'dep ensure'.


[[projects]]
  digest = "1:fe7a1ee9c5ac07c89e6b5985c556a7fc7a59e02d4b04de73f08b760bdfffd06e"
  name = "github.com/cloudfoundry-community/go-cfclient"
  packages = ["."]
  pruneopts = "UT"
  revision = "3805b12f648c81339bca0df4124800e7c9575865"

[[projects]]
  digest = "1:b2dd842253e733148777e8c5dad8bb89c54412179bd703b4a18ff69f7ee646ae"
  name = "github.com/cloudfoundry/noaa"
  packages = [
    ".",
    "consumer",
    "consumer/internal",
    "errors",
  ]
  pruneopts = "UT"
  revision = "0ca0d30d65c7422750132450593d402428dd2273"

[[projects]]
  digest = "1:b7b10de3dfc8df7b1ce61c79c148fca8f438554cb370c857d1d1ef98a9d5dd14"
  name = "github.com/cloudfoundry/sonde-go"
  packages = ["events"]
  pruneopts = "UT"
  revision = "81c3f6be579cf4337477a8b0d03852d0760b5801"

[[projects]]
  digest = "1:f8d53c146b434a2852e95572fee2f711ed3c8770fce07e8490e400ee56679824"
  name = "github.com/gogo/protobuf"
  packages = [
    "gogoproto",
    "proto",
    "protoc-gen-gogo/descriptor",
  ]
  pruneopts = "UT"
  revision = "a4cceea7a401a73fefafd1a21fedbd4694124a82"

[[projects]]
  digest = "1:e9684f376cdd9a3b44b0a0cb8c626ce5e907a5541fad0c50e1e6d5f8999609ae"
  name = "github.com/golang/protobuf"
  packages = ["proto"]
  pruneopts = "UT"
  revision = "c9c7427a2a70d2eb3bafa0ab2dc163e45f143317"

[[projects]]
  digest = "1:0c154dc22cb734f9db194421d82060601725a3d9c983943b83ae32b55eb5c51c"
  name = "github.com/gorilla/websocket"
  packages = ["."]
  pruneopts = "UT"
  revision = "a69d25be2fe2923a97c2af6849b2f52426f68fc0"

[[projects]]
  digest = "1:163d7c16d5b42691d00b23abb97ece244bb67809221b95f88b06d27d6ee839e0"
  name = "github.com/kelseyhightower/envconfig"
  packages = ["."]
  pruneopts = "UT"
  revision = "9aca109c9aec4633fced9717c4a09ecab3d33111"
  version = "v1.2.0"

[[projects]]
  digest = "1:5c77ec0df6475d5fc9bc636ebd00a2585310c4e44c8a30c83f0f5f0c4b53d717"
  name = "github.com/pkg/errors"
  packages = ["."]
  pruneopts = "UT"
  revision = "bfd5150e4e41705ded2129ec33379de1cb90b513"

[[projects]]
  digest = "1:f9ea509f86cc725fd29b827047fd95707e1fc8822334304d7f817998c074f8ba"
  name = "github.com/wavefronthq/wavefront-sdk-go"
  packages = [
    "internal",
    "senders",
  ]
  pruneopts = "UT"
  revision = "12511c8b82654d412b0334768d94dc080b617fd1"
  version = "v0.9.0"

[[projects]]
  digest = "1:0a65cfa1f7aefb37e6feab22ea198eb0c821d2de8e8ea1d63bec11fa27ad5eb0"
  name = "golang.org/x/net"
  packages = ["context"]
  pruneopts = "UT"
  revision = "7dbad50ab5b31073856416cdcfeb2796d682f844"

[[projects]]
  digest = "1:456a1ad8d0ffad1e427f78e6a5bc763b04388f81c88639c204f7ccb4844b2e24"
  name = "golang.org/x/oauth2"
  packages = [
    ".",
    "clientcredentials",
    "internal",
  ]
  pruneopts = "UT"
  revision = "2baa8a1b9338cf13d9eeb27696d761155fa480be"

[[projects]]
  digest = "1:424f55096e5489d331b25325a2a0d05084121113ca1c06e1049f50ae0d75e000"
  name = "google.golang.org/appengine"
  packages = [
    "internal",
    "internal/base",
    "internal/datastore",
    "internal/log",
    "internal/remote_api",
    "internal/urlfetch",
    "urlfetch",
  ]
  pruneopts = "UT"
  revision = "b79c28f0197795b4050bfcd7c4c2209136c594b1"

[solve-meta]
  analyzer-name = "dep"
  analyzer-version = 1
  input-imports = [
    "github.com/cloudfoundry-community/go-cfclient",
    "github.com/cloudfoundry/noaa/consumer",
    "github.com/cloudfoundry/sonde-go/events",
    "github.com/kelseyhightower/envconfig",
    "github.com/wavefronthq/wavefront-sdk-go/senders",
  ]
  solver-name = "gps-cdcl"
  solver-version = 1
