# This file is autogenerated, do not edit; changes may be undone by the next 'dep ensure'.


[[projects]]
  branch = "master"
  digest = "1:ef4eaf0b9b15b3f5e5afaf6a52303c39d46a9c3b6d13d0d81e4b785002606692"
  name = "code.cloudfoundry.org/gofileutils"
  packages = ["fileutils"]
  pruneopts = "UT"
  revision = "4d0c80011a0f37da1711c184028bc40137cd45af"

[[projects]]
  digest = "1:55388fd080150b9a072912f97b1f5891eb0b50df43401f8b75fb4273d3fec9fc"
  name = "github.com/Masterminds/semver"
  packages = ["."]
  pruneopts = "UT"
  revision = "c7af12943936e8c39859482e61f0574c2fd7fc75"
  version = "v1.4.2"

[[projects]]
  digest = "1:780d1a5df3a9a227bf07e7beb6c851ec6ad2614555b1d015d9e2f136d13ad8a7"
  name = "github.com/caio/go-tdigest"
  packages = ["."]
  pruneopts = "UT"
  revision = "f3c8d94f65d3096ac96eda54ffcd10c0fe1477f1"
  version = "v2.3.0"

[[projects]]
  branch = "master"
  digest = "1:a965e93173d9b30de4cc01c4a2aaaaa0478ece976f56dabb6e662800abf21011"
  name = "github.com/cloudfoundry-community/go-cfclient"
  packages = ["."]
  pruneopts = "UT"
  revision = "f136f9222381e2fea5099f62e4b751dcb660ff82"

[[projects]]
  digest = "1:9148c060d019cb181efbabd6e5858e7727796d62d16f002f23addcf2cc374818"
  name = "github.com/cloudfoundry/noaa"
  packages = [
    ".",
    "consumer",
    "consumer/internal",
    "errors",
  ]
  pruneopts = "UT"
  revision = "a1d4a94e2be6711111893c59538976d07ef7ea98"
  version = "v2.1.0"

[[projects]]
  branch = "master"
  digest = "1:e40a214426e6825d5c4067ebbb788c06be08ef657918e45a8f7fc45685431098"
  name = "github.com/cloudfoundry/sonde-go"
  packages = ["events"]
  pruneopts = "UT"
  revision = "b33733203bb48d7c56de7cb639d77f78b0449d19"

[[projects]]
  digest = "1:ffe9824d294da03b391f44e1ae8281281b4afc1bdaa9588c9097785e3af10cec"
  name = "github.com/davecgh/go-spew"
  packages = ["spew"]
  pruneopts = "UT"
  revision = "8991bc29aa16c548c550c7ff78260e27b9ab7c73"
  version = "v1.1.1"

[[projects]]
  digest = "1:9ae31ce33b4bab257668963e844d98765b44160be4ee98cafc44637a213e530d"
  name = "github.com/gobwas/glob"
  packages = [
    ".",
    "compiler",
    "match",
    "syntax",
    "syntax/ast",
    "syntax/lexer",
    "util/runes",
    "util/strings",
  ]
  pruneopts = "UT"
  revision = "5ccd90ef52e1e632236f7326478d4faa74f99438"
  version = "v0.2.3"

[[projects]]
  digest = "1:4652941215f23c7ad6546bab86964c72248a1134baa53f0df618661344ba5cac"
  name = "github.com/gogo/protobuf"
  packages = [
    "gogoproto",
    "proto",
    "protoc-gen-gogo/descriptor",
  ]
  pruneopts = "UT"
  revision = "ba06b47c162d49f2af050fb4c75bcbc86a159d5c"
  version = "v1.2.1"

[[projects]]
  digest = "1:318f1c959a8a740366fce4b1e1eb2fd914036b4af58fbd0a003349b305f118ad"
  name = "github.com/golang/protobuf"
  packages = ["proto"]
  pruneopts = "UT"
  revision = "c823c79ea1570fb5ff454033735a8e68575d1d0f"
  version = "v1.3.0"

[[projects]]
  digest = "1:582b704bebaa06b48c29b0cec224a6058a09c86883aaddabde889cd1a5f73e1b"
  name = "github.com/google/uuid"
  packages = ["."]
  pruneopts = "UT"
  revision = "0cd6bf5da1e1c83f8b45653022c74f71af0538a4"
  version = "v1.1.1"

[[projects]]
  digest = "1:7b5c6e2eeaa9ae5907c391a91c132abfd5c9e8a784a341b5625e750c67e6825d"
  name = "github.com/gorilla/websocket"
  packages = ["."]
  pruneopts = "UT"
  revision = "66b9c49e59c6c48f0ffce28c2d8b8a5678502c6d"
  version = "v1.4.0"

[[projects]]
  digest = "1:edbef42561faa44c19129b68d1e109fbc1647f63239250391eadc8d0e7c9f669"
  name = "github.com/kelseyhightower/envconfig"
  packages = ["."]
  pruneopts = "UT"
  revision = "f611eb38b3875cc3bd991ca91c51d06446afa14c"
  version = "v1.3.0"

[[projects]]
  branch = "master"
  digest = "1:5bf23f15fd4550fa19e9fbc8e9fd2e254444a01f4644ad835b5389d1f7d91077"
  name = "github.com/mailru/easyjson"
  packages = [
    ".",
    "buffer",
    "jlexer",
    "jwriter",
  ]
  pruneopts = "UT"
  revision = "6243d8e04c3f819e79757e8bc3faa15c3cb27003"

[[projects]]
  digest = "1:cf31692c14422fa27c83a05292eb5cbe0fb2775972e8f1f8446a71549bd8980b"
  name = "github.com/pkg/errors"
  packages = ["."]
  pruneopts = "UT"
  revision = "ba968bfe8b2f7e042a574c888954fccecfa385b4"
  version = "v0.8.1"

[[projects]]
  digest = "1:0028cb19b2e4c3112225cd871870f2d9cf49b9b4276531f03438a88e94be86fe"
  name = "github.com/pmezard/go-difflib"
  packages = ["difflib"]
  pruneopts = "UT"
  revision = "792786c7400a136282c1664665ae0a8db921c6c2"
  version = "v1.0.0"

[[projects]]
  branch = "master"
  digest = "1:d38f81081a389f1466ec98192cf9115a82158854d6f01e1c23e2e7554b97db71"
  name = "github.com/rcrowley/go-metrics"
  packages = ["."]
  pruneopts = "UT"
  revision = "3113b8401b8a98917cde58f8bbd42a1b1c03b1fd"

[[projects]]
  digest = "1:972c2427413d41a1e06ca4897e8528e5a1622894050e2f527b38ddf0f343f759"
  name = "github.com/stretchr/testify"
  packages = ["assert"]
  pruneopts = "UT"
  revision = "ffdc059bfe9ce6a4e144ba849dbedead332c6053"
  version = "v1.3.0"

[[projects]]
  branch = "master"
  digest = "1:2280e07b45fd1738935db641e4b0b135aa4ca7248e353d535485638b0f73e21e"
  name = "github.com/wavefronthq/go-metrics-wavefront"
  packages = ["reporting"]
  pruneopts = "UT"
  revision = "9e50dfd34d67628bcc887f4728df4d57c9fc963a"

[[projects]]
  digest = "1:f8fa24dccae1fe5bb5e9dbd7adc11588cc6e0a2767576251318835bc4998f13d"
  name = "github.com/wavefronthq/wavefront-sdk-go"
  packages = [
    "application",
    "histogram",
    "internal",
    "senders",
  ]
  pruneopts = "UT"
  revision = "fa87530cd02a8ad08bd179e1c39fb319a0cc0dae"
  version = "v0.9.2"

[[projects]]
  branch = "master"
  digest = "1:f8b491a7c25030a895a0e579742d07136e6958e77ef2d46e769db8eec4e58fcd"
  name = "golang.org/x/net"
  packages = [
    "context",
    "context/ctxhttp",
  ]
  pruneopts = "UT"
  revision = "312bce6e941fc7e152b630a8643ea239afc12ddd"

[[projects]]
  branch = "master"
  digest = "1:13e1dd706312f7b3ae1ed16a9e251e7b56240a9e09db24de6a4f24bf57968676"
  name = "golang.org/x/oauth2"
  packages = [
    ".",
    "clientcredentials",
    "internal",
  ]
  pruneopts = "UT"
  revision = "e64efc72b421e893cbf63f17ba2221e7d6d0b0f3"

[[projects]]
  digest = "1:6f3bd49ddf2e104e52062774d797714371fac1b8bddfd8e124ce78e6b2264a10"
  name = "google.golang.org/appengine"
  packages = [
    "internal",
    "internal/base",
    "internal/datastore",
    "internal/log",
    "internal/remote_api",
    "internal/urlfetch",
    "urlfetch",
  ]
  pruneopts = "UT"
  revision = "e9657d882bb81064595ca3b56cbe2546bbabf7b1"
  version = "v1.4.0"

[[projects]]
  branch = "v2"
  digest = "1:4d2e5a73dc1500038e504a8d78b986630e3626dc027bc030ba5c75da257cdb96"
  name = "gopkg.in/yaml.v2"
  packages = ["."]
  pruneopts = "UT"
  revision = "51d6538a90f86fe93ac480b35f37b2be17fef232"

[solve-meta]
  analyzer-name = "dep"
  analyzer-version = 1
  input-imports = [
    "github.com/cloudfoundry-community/go-cfclient",
    "github.com/cloudfoundry/noaa/consumer",
    "github.com/cloudfoundry/noaa/errors",
    "github.com/cloudfoundry/sonde-go/events",
    "github.com/gobwas/glob",
    "github.com/google/uuid",
    "github.com/gorilla/websocket",
    "github.com/kelseyhightower/envconfig",
    "github.com/rcrowley/go-metrics",
    "github.com/stretchr/testify/assert",
    "github.com/wavefronthq/go-metrics-wavefront/reporting",
    "github.com/wavefronthq/wavefront-sdk-go/application",
    "github.com/wavefronthq/wavefront-sdk-go/senders",
  ]
  solver-name = "gps-cdcl"
  solver-version = 1
